<?xml version="1.0" encoding="utf-8"?>
<Project ToolsVersion="4.0" xmlns="http://schemas.microsoft.com/developer/msbuild/2003">
  <ItemGroup>
    <ClCompile Include="DataStructures\main.cpp" />
  </ItemGroup>
  <ItemGroup>
    <Filter Include="Loader_FileFormat_Model">
      <UniqueIdentifier>{51c46371-216f-43c4-8218-c05e81fbc910}</UniqueIdentifier>
    </Filter>
    <Filter Include="Other">
      <UniqueIdentifier>{8cdd4a38-fc1e-4994-9b41-494601575f58}</UniqueIdentifier>
    </Filter>
    <Filter Include="DataStructures">
      <UniqueIdentifier>{71ec892e-834c-489f-bb5d-3c88cc4a2ff4}</UniqueIdentifier>
    </Filter>
    <Filter Include="Serialization">
      <UniqueIdentifier>{a029123a-33fb-4aac-9e61-23f2e55eabf2}</UniqueIdentifier>
    </Filter>
  </ItemGroup>
  <ItemGroup>
    <None Include="packages.config">
      <Filter>Other</Filter>
    </None>
  </ItemGroup>
</Project>