<?xml version="1.0" encoding="utf-8"?>
<Project ToolsVersion="4.0" xmlns="http://schemas.microsoft.com/developer/msbuild/2003">
  <ItemGroup>
    <Filter Include="Source Files">
      <UniqueIdentifier>{4FC737F1-C7A5-4376-A066-2A32D752A2FF}</UniqueIdentifier>
      <Extensions>cpp;c;cc;cxx;c++;cppm;ixx;def;odl;idl;hpj;bat;asm;asmx</Extensions>
    </Filter>
    <Filter Include="Header Files">
      <UniqueIdentifier>{93995380-89BD-4b04-88EB-625FBE52EBFB}</UniqueIdentifier>
      <Extensions>h;hh;hpp;hxx;h++;hm;inl;inc;ipp;xsd</Extensions>
    </Filter>
    <Filter Include="Header Files\Presentation">
      <UniqueIdentifier>{fda7530e-8aa9-4c01-8a4e-5394c448d855}</UniqueIdentifier>
    </Filter>
    <Filter Include="Source Files\Presentation">
      <UniqueIdentifier>{df6c0160-1c39-4979-a161-d57bc5b4683a}</UniqueIdentifier>
    </Filter>
    <Filter Include="Header Files\EngineCore">
      <UniqueIdentifier>{cda11587-2c3e-47e3-b1d8-806c94ca3d33}</UniqueIdentifier>
    </Filter>
    <Filter Include="Source Files\EngineCore">
      <UniqueIdentifier>{61c71138-4e25-4bb3-82c5-e7387226576f}</UniqueIdentifier>
    </Filter>
    <Filter Include="Header Files\VkTypes">
      <UniqueIdentifier>{ce4e0535-644f-4860-b074-73c52cefcf6f}</UniqueIdentifier>
    </Filter>
    <Filter Include="Header Files\Interfaces">
      <UniqueIdentifier>{88c8becb-34d7-4e54-b1fc-993f297864c3}</UniqueIdentifier>
    </Filter>
    <Filter Include="Source Files\VkTypes">
      <UniqueIdentifier>{5c938d00-9d83-4a5e-8fc9-2fded315aa6a}</UniqueIdentifier>
    </Filter>
    <Filter Include="Header Files\Engine">
      <UniqueIdentifier>{b9081682-bc6e-445c-ad1e-22868a079aa1}</UniqueIdentifier>
    </Filter>
    <Filter Include="Source Files\Engine">
      <UniqueIdentifier>{ab91a252-6334-449c-926f-833abfb036c2}</UniqueIdentifier>
    </Filter>
    <Filter Include="Source Files\Math">
      <UniqueIdentifier>{6b08236d-ab55-4d91-82d3-ec788a4e6588}</UniqueIdentifier>
    </Filter>
    <Filter Include="Header Files\Math">
      <UniqueIdentifier>{7855f27b-7f8a-438e-b711-a2d2015ce22c}</UniqueIdentifier>
    </Filter>
    <Filter Include="Header Files\Profiling">
      <UniqueIdentifier>{747eb528-a900-4ca9-9bff-360a4afcd429}</UniqueIdentifier>
    </Filter>
    <Filter Include="Source Files\Profiling">
      <UniqueIdentifier>{a590b189-4e51-4d34-9c32-66cade746875}</UniqueIdentifier>
    </Filter>
    <Filter Include="Header Files\Loaders">
      <UniqueIdentifier>{b76056d3-e037-4fe7-ad82-c37465b00120}</UniqueIdentifier>
    </Filter>
    <Filter Include="Header Files\Loaders\Texture">
      <UniqueIdentifier>{ec2245f8-d3c6-45f5-82da-466cf4528c66}</UniqueIdentifier>
    </Filter>
    <Filter Include="Header Files\Loaders\Model">
      <UniqueIdentifier>{424a19e6-98dd-407c-8d87-70a4ce70dd2a}</UniqueIdentifier>
    </Filter>
    <Filter Include="Header Files\FileManager">
      <UniqueIdentifier>{03e678bf-8951-498d-b91a-d76c727d5e92}</UniqueIdentifier>
    </Filter>
    <Filter Include="Source Files\FileManager">
      <UniqueIdentifier>{f070804f-9d36-4133-bf98-a8b1d302dce0}</UniqueIdentifier>
    </Filter>
    <Filter Include="Source Files\Loaders">
      <UniqueIdentifier>{56923d5e-fc08-4f56-a6b2-c159987b78ff}</UniqueIdentifier>
    </Filter>
    <Filter Include="Source Files\Loaders\Model">
      <UniqueIdentifier>{f0add6d5-6733-4e57-bb54-2b590a2a6432}</UniqueIdentifier>
    </Filter>
    <Filter Include="Source Files\Presentation\Target">
      <UniqueIdentifier>{0753e8d6-7b2b-493e-996c-015daa905436}</UniqueIdentifier>
    </Filter>
    <Filter Include="Header Files\Presentation\Passes">
      <UniqueIdentifier>{77047662-4942-4eca-92cd-c8cb96b60a4e}</UniqueIdentifier>
    </Filter>
    <Filter Include="Source Files\Presentation\Passes">
      <UniqueIdentifier>{0586f865-fa38-4ac2-af76-797dc78f8189}</UniqueIdentifier>
    </Filter>
  </ItemGroup>
  <ItemGroup>
    <ClCompile Include="src\vk_engine.cpp">
      <Filter>Source Files</Filter>
    </ClCompile>
    <ClCompile Include="src\vk_types.cpp">
      <Filter>Source Files</Filter>
    </ClCompile>
    <ClCompile Include="src\vkinit_instance.cpp">
      <Filter>Source Files</Filter>
    </ClCompile>
    <ClCompile Include="src\vkinit_queue.cpp">
      <Filter>Source Files</Filter>
    </ClCompile>
    <ClCompile Include="src\Presentation\Frame.cpp">
      <Filter>Source Files\Presentation</Filter>
    </ClCompile>
    <ClCompile Include="src\Presentation\HardwareDevice.cpp">
      <Filter>Source Files\Presentation</Filter>
    </ClCompile>
    <ClCompile Include="src\Presentation\Device.cpp">
      <Filter>Source Files\Presentation</Filter>
    </ClCompile>
    <ClCompile Include="src\Presentation\FrameCollection.cpp">
      <Filter>Source Files\Presentation</Filter>
    </ClCompile>
    <ClCompile Include="src\EngineCore\Scene.cpp">
      <Filter>Source Files\EngineCore</Filter>
    </ClCompile>
    <ClCompile Include="src\EngineCore\IndexAttributes.cpp">
      <Filter>Source Files\EngineCore</Filter>
    </ClCompile>
    <ClCompile Include="src\EngineCore\Mesh.cpp">
      <Filter>Source Files\EngineCore</Filter>
    </ClCompile>
    <ClCompile Include="src\EngineCore\VertexAttributes.cpp">
      <Filter>Source Files\EngineCore</Filter>
    </ClCompile>
    <ClCompile Include="src\EngineCore\VertexBinding.cpp">
      <Filter>Source Files\EngineCore</Filter>
    </ClCompile>
    <ClCompile Include="src\EngineCore\Color.cpp">
      <Filter>Source Files\EngineCore</Filter>
    </ClCompile>
    <ClCompile Include="src\EngineCore\MeshPrimitives.cpp">
      <Filter>Source Files\EngineCore</Filter>
    </ClCompile>
    <ClCompile Include="src\EngineCore\pch.cpp">
      <Filter>Source Files\EngineCore</Filter>
    </ClCompile>
    <ClCompile Include="src\EngineCore\ImGuiHandle.cpp">
      <Filter>Source Files\EngineCore</Filter>
    </ClCompile>
    <ClCompile Include="src\VkTypes\VulkanValidationLayers.cpp">
      <Filter>Source Files\VkTypes</Filter>
    </ClCompile>
    <ClCompile Include="src\VkTypes\VkMemoryAllocator.cpp">
      <Filter>Source Files\VkTypes</Filter>
    </ClCompile>
    <ClCompile Include="src\Engine\Window.cpp">
      <Filter>Source Files\Engine</Filter>
    </ClCompile>
    <ClCompile Include="src\VkTypes\VkMaterialVariant.cpp">
      <Filter>Source Files\VkTypes</Filter>
    </ClCompile>
    <ClCompile Include="src\EngineCore\Material.cpp">
      <Filter>Source Files\EngineCore</Filter>
    </ClCompile>
    <ClCompile Include="src\VkTypes\VkTexture.cpp">
      <Filter>Source Files\VkTypes</Filter>
    </ClCompile>
    <ClCompile Include="src\VkTypes\InitializersUtility.cpp">
      <Filter>Source Files\VkTypes</Filter>
    </ClCompile>
    <ClCompile Include="src\EngineCore\Camera.cpp">
      <Filter>Source Files\EngineCore</Filter>
    </ClCompile>
    <ClCompile Include="src\EngineCore\Texture.cpp">
      <Filter>Source Files\EngineCore</Filter>
    </ClCompile>
    <ClCompile Include="src\VkTypes\VkShader.cpp">
      <Filter>Source Files\VkTypes</Filter>
    </ClCompile>
    <ClCompile Include="src\Math\Plane.cpp">
      <Filter>Source Files\Math</Filter>
    </ClCompile>
    <ClCompile Include="src\Math\BoundsAABB.cpp">
      <Filter>Source Files\Math</Filter>
    </ClCompile>
    <ClCompile Include="src\Math\Frustum.cpp">
      <Filter>Source Files\Math</Filter>
    </ClCompile>
    <ClCompile Include="src\Profiling\ProfileMarker.cpp">
      <Filter>Source Files\Profiling</Filter>
    </ClCompile>
    <ClCompile Include="src\EngineCore\StagingBufferPool.cpp">
      <Filter>Source Files\EngineCore</Filter>
    </ClCompile>
    <ClCompile Include="src\FileManager\Path.cpp">
      <Filter>Source Files\FileManager</Filter>
    </ClCompile>
    <ClCompile Include="src\FileManager\Directories.cpp">
      <Filter>Source Files\FileManager</Filter>
    </ClCompile>
    <ClCompile Include="src\EngineCore\ShaderSource.cpp">
      <Filter>Source Files\EngineCore</Filter>
    </ClCompile>
    <ClCompile Include="src\FileManager\FileIO.cpp">
      <Filter>Source Files\FileManager</Filter>
    </ClCompile>
    <ClCompile Include="src\Loaders\Model\Common.cpp">
      <Filter>Source Files\Loaders\Model</Filter>
    </ClCompile>
    <ClCompile Include="src\Loaders\Model\Loader_OBJ.cpp">
      <Filter>Source Files\Loaders\Model</Filter>
    </ClCompile>
    <ClCompile Include="src\Loaders\Model\Loader_ASSIMP.cpp">
      <Filter>Source Files\Loaders\Model</Filter>
    </ClCompile>
    <ClCompile Include="src\EngineCore\PipelineBinding.cpp">
      <Filter>Source Files\EngineCore</Filter>
    </ClCompile>
    <ClCompile Include="src\EngineCore\DescriptorPoolManager.cpp">
      <Filter>Source Files\EngineCore</Filter>
    </ClCompile>
    <ClCompile Include="src\EngineCore\BuffersUBO.cpp">
      <Filter>Source Files\EngineCore</Filter>
    </ClCompile>
    <ClCompile Include="src\Presentation\PresentationTarget_RenderLoop.cpp">
      <Filter>Source Files\Presentation\Target</Filter>
    </ClCompile>
    <ClCompile Include="src\Presentation\PresentationTarget_GraphicsMaterial.cpp">
      <Filter>Source Files\Presentation\Target</Filter>
    </ClCompile>
    <ClCompile Include="src\Presentation\PresentationTarget.cpp">
      <Filter>Source Files\Presentation\Target</Filter>
    </ClCompile>
    <ClCompile Include="src\Presentation\Passes\DebugPass.cpp">
      <Filter>Source Files\Presentation\Passes</Filter>
    </ClCompile>
    <ClCompile Include="src\Presentation\Passes\Pass.cpp">
      <Filter>Source Files\Presentation\Passes</Filter>
    </ClCompile>
    <ClCompile Include="src\Presentation\Passes\ShadowmapPass.cpp">
      <Filter>Source Files\Presentation\Passes</Filter>
    </ClCompile>
    <ClCompile Include="src\EngineCore\BuffersUBOPool.cpp">
      <Filter>Source Files\EngineCore</Filter>
    </ClCompile>
    <ClCompile Include="src\EngineCore\UboAllocatorDelegate.cpp">
      <Filter>Source Files\EngineCore</Filter>
    </ClCompile>
    <ClCompile Include="src\Loaders\Model\ModelLoaderOptions.h">
      <Filter>Header Files\Loaders\Model</Filter>
    </ClCompile>
    <ClCompile Include="src\EngineCore\Transform.cpp">
      <Filter>Source Files\EngineCore</Filter>
    </ClCompile>
    <ClCompile Include="src\EngineCore\Renderer.cpp">
      <Filter>Source Files\EngineCore</Filter>
    </ClCompile>
    <ClCompile Include="src\EngineCore\SubMesh.cpp">
      <Filter>Source Files\EngineCore</Filter>
    </ClCompile>
    <ClCompile Include="src\VkTypes\VkGraphicsPipeline.cpp">
      <Filter>Source Files\VkTypes</Filter>
    </ClCompile>
    <ClCompile Include="src\VkTypes\VkMesh.cpp">
      <Filter>Source Files\VkTypes</Filter>
    </ClCompile>
    <ClCompile Include="src\VkTypes\VkMeshRenderer.cpp">
      <Filter>Source Files\VkTypes</Filter>
    </ClCompile>
  </ItemGroup>
  <ItemGroup>
    <ClInclude Include="src\vk_engine.h">
      <Filter>Header Files</Filter>
    </ClInclude>
    <ClInclude Include="src\vk_types.h">
      <Filter>Header Files</Filter>
    </ClInclude>
    <ClInclude Include="src\Presentation\Frame.h">
      <Filter>Header Files\Presentation</Filter>
    </ClInclude>
    <ClInclude Include="src\Presentation\HardwareDevice.h">
      <Filter>Header Files\Presentation</Filter>
    </ClInclude>
    <ClInclude Include="src\Presentation\FrameCollection.h">
      <Filter>Header Files\Presentation</Filter>
    </ClInclude>
    <ClInclude Include="src\Presentation\PresentationTarget.h">
      <Filter>Header Files\Presentation</Filter>
    </ClInclude>
    <ClInclude Include="src\Presentation\Device.h">
      <Filter>Header Files\Presentation</Filter>
    </ClInclude>
    <ClInclude Include="src\EngineCore\Scene.h">
      <Filter>Header Files\EngineCore</Filter>
    </ClInclude>
    <ClInclude Include="src\EngineCore\Common.h">
      <Filter>Header Files\EngineCore</Filter>
    </ClInclude>
    <ClInclude Include="src\EngineCore\CollectionUtility.h">
      <Filter>Header Files\EngineCore</Filter>
    </ClInclude>
    <ClInclude Include="src\EngineCore\IndexAttributes.h">
      <Filter>Header Files\EngineCore</Filter>
    </ClInclude>
    <ClInclude Include="src\EngineCore\Mesh.h">
      <Filter>Header Files\EngineCore</Filter>
    </ClInclude>
    <ClInclude Include="src\EngineCore\VertexAttributes.h">
      <Filter>Header Files\EngineCore</Filter>
    </ClInclude>
    <ClInclude Include="src\EngineCore\VertexBinding.h">
      <Filter>Header Files\EngineCore</Filter>
    </ClInclude>
    <ClInclude Include="src\EngineCore\Color.h">
      <Filter>Header Files\EngineCore</Filter>
    </ClInclude>
    <ClInclude Include="src\EngineCore\pch.h">
      <Filter>Header Files\EngineCore</Filter>
    </ClInclude>
    <ClInclude Include="src\EngineCore\ImGuiHandle.h">
      <Filter>Header Files\EngineCore</Filter>
    </ClInclude>
    <ClInclude Include="src\EngineCore\Texture.h">
      <Filter>Header Files\EngineCore</Filter>
    </ClInclude>
    <ClInclude Include="src\EngineCore\Camera.h">
      <Filter>Header Files\EngineCore</Filter>
    </ClInclude>
    <ClInclude Include="src\EngineCore\ShaderSource.h">
      <Filter>Header Files\EngineCore</Filter>
    </ClInclude>
    <ClInclude Include="src\VkTypes\VkShader.h">
      <Filter>Header Files\VkTypes</Filter>
    </ClInclude>
    <ClInclude Include="src\VkTypes\InitializersUtility.h">
      <Filter>Header Files\VkTypes</Filter>
    </ClInclude>
    <ClInclude Include="src\VkTypes\VulkanValidationLayers.h">
      <Filter>Header Files\VkTypes</Filter>
    </ClInclude>
    <ClInclude Include="src\VkTypes\VkTexture.h">
      <Filter>Header Files\VkTypes</Filter>
    </ClInclude>
    <ClInclude Include="src\VkTypes\vkInitQueueFamily.h">
      <Filter>Header Files\VkTypes</Filter>
    </ClInclude>
    <ClInclude Include="src\Interfaces\IRequireInitialization.h">
      <Filter>Header Files\Interfaces</Filter>
    </ClInclude>
    <ClInclude Include="src\VkTypes\PushConstantTypes.h">
      <Filter>Header Files\VkTypes</Filter>
    </ClInclude>
    <ClInclude Include="src\Engine\Window.h">
      <Filter>Header Files\Engine</Filter>
    </ClInclude>
    <ClInclude Include="src\VkTypes\VkMaterialVariant.h">
      <Filter>Header Files\VkTypes</Filter>
    </ClInclude>
    <ClInclude Include="src\EngineCore\Material.h">
      <Filter>Header Files\EngineCore</Filter>
    </ClInclude>
    <ClInclude Include="src\Engine\RenderLoopStatistics.h">
      <Filter>Header Files\Engine</Filter>
    </ClInclude>
    <ClInclude Include="src\Math\Plane.h">
      <Filter>Header Files\Math</Filter>
    </ClInclude>
    <ClInclude Include="src\Math\Frustum.h">
      <Filter>Header Files\Math</Filter>
    </ClInclude>
    <ClInclude Include="src\Math\BoundsAABB.h">
      <Filter>Header Files\Math</Filter>
    </ClInclude>
    <ClInclude Include="src\Profiling\ProfileMarker.h">
      <Filter>Header Files\Profiling</Filter>
    </ClInclude>
    <ClInclude Include="src\EngineCore\StagingBufferPool.h">
      <Filter>Header Files\EngineCore</Filter>
    </ClInclude>
    <ClInclude Include="src\FileManager\Directories.h">
      <Filter>Header Files\FileManager</Filter>
    </ClInclude>
    <ClInclude Include="src\FileManager\Path.h">
      <Filter>Header Files\FileManager</Filter>
    </ClInclude>
    <ClInclude Include="src\FileManager\FileIO.h">
      <Filter>Header Files\FileManager</Filter>
    </ClInclude>
    <ClInclude Include="src\Loaders\Model\Common.h">
      <Filter>Header Files\Loaders\Model</Filter>
    </ClInclude>
    <ClInclude Include="src\Loaders\Model\Loader_OBJ.h">
      <Filter>Header Files\Loaders\Model</Filter>
    </ClInclude>
    <ClInclude Include="src\Loaders\Model\Loader_ASSIMP.h">
      <Filter>Header Files\Loaders\Model</Filter>
    </ClInclude>
    <ClInclude Include="src\EngineCore\PipelineBinding.h">
      <Filter>Header Files\EngineCore</Filter>
    </ClInclude>
    <ClInclude Include="src\EngineCore\DescriptorPoolManager.h">
      <Filter>Header Files\EngineCore</Filter>
    </ClInclude>
    <ClInclude Include="src\VkTypes\PipelineConstructor.h">
      <Filter>Header Files\VkTypes</Filter>
    </ClInclude>
    <ClInclude Include="src\Presentation\Passes\Pass.h">
      <Filter>Header Files\Presentation\Passes</Filter>
    </ClInclude>
    <ClInclude Include="src\Presentation\Passes\DebugPass.h">
      <Filter>Header Files\Presentation\Passes</Filter>
    </ClInclude>
    <ClInclude Include="src\Presentation\Passes\ShadowmapPass.h">
      <Filter>Header Files\Presentation\Passes</Filter>
    </ClInclude>
    <ClInclude Include="src\EngineCore\BuffersUBO.h">
      <Filter>Header Files\EngineCore</Filter>
    </ClInclude>
    <ClInclude Include="src\EngineCore\BuffersUBOPool.h">
      <Filter>Header Files\EngineCore</Filter>
    </ClInclude>
    <ClInclude Include="src\EngineCore\UboAllocatorDelegate.h">
      <Filter>Header Files\EngineCore</Filter>
    </ClInclude>
    <ClInclude Include="src\Engine\Bitmask.h">
      <Filter>Header Files\Engine</Filter>
    </ClInclude>
    <ClInclude Include="src\EngineCore\Renderer.h">
      <Filter>Header Files\EngineCore</Filter>
    </ClInclude>
    <ClInclude Include="src\EngineCore\Transform.h">
      <Filter>Header Files\EngineCore</Filter>
    </ClInclude>
    <ClInclude Include="src\VkTypes\VkGraphicsPipeline.h">
      <Filter>Header Files\VkTypes</Filter>
    </ClInclude>
    <ClInclude Include="src\VkTypes\VkMemoryAllocator.h">
      <Filter>Header Files\VkTypes</Filter>
    </ClInclude>
    <ClInclude Include="src\VkTypes\VkMesh.h">
      <Filter>Header Files\VkTypes</Filter>
    </ClInclude>
    <ClInclude Include="src\VkTypes\VkMeshRenderer.h">
      <Filter>Header Files\VkTypes</Filter>
    </ClInclude>
  </ItemGroup>
  <ItemGroup>
    <Text Include="CMakeLists.txt" />
  </ItemGroup>
</Project>